Microsoft Visual Studio Solution File, Format Version 12.00
# Visual Studio Version 17
VisualStudioVersion = 17.5.2.0
MinimumVisualStudioVersion = 10.0.40219.1
Project("{FAE04EC0-301F-11D3-BF4B-00C04F79EFBC}") = "ECommerceBackEndApp", "ECommerceBackEndApp.csproj", "{FE746FAE-C76F-4DBD-330E-1204C025D18E}"
EndProject
Global
	GlobalSection(SolutionConfigurationPlatforms) = preSolution
		Debug|Any CPU = Debug|Any CPU
		Release|Any CPU = Release|Any CPU
	EndGlobalSection
	GlobalSection(ProjectConfigurationPlatforms) = postSolution
		{FE746FAE-C76F-4DBD-330E-1204C025D18E}.Debug|Any CPU.ActiveCfg = Debug|Any CPU
		{FE746FAE-C76F-4DBD-330E-1204C025D18E}.Debug|Any CPU.Build.0 = Debug|Any CPU
		{FE746FAE-C76F-4DBD-330E-1204C025D18E}.Release|Any CPU.ActiveCfg = Release|Any CPU
		{FE746FAE-C76F-4DBD-330E-1204C025D18E}.Release|Any CPU.Build.0 = Release|Any CPU
	EndGlobalSection
	GlobalSection(SolutionProperties) = preSolution
		HideSolutionNode = FALSE
	EndGlobalSection
	GlobalSection(ExtensibilityGlobals) = postSolution
		SolutionGuid = {5B0FE2BE-2568-4086-BA1D-EAF5EEE6AE41}
	EndGlobalSection
EndGlobal
